// !$*UTF8*$!
{
	archiveVersion = 1;
	classes = {
	};
	objectVersion = 56;
	objects = {

/* Begin PBXBuildFile section */
		FA8FCE5129AE2085006E4CA5 /* TodoApp.swift in Sources */ = {isa = PBXBuildFile; fileRef = FA8FCE5029AE2085006E4CA5 /* TodoApp.swift */; };
		FA8FCE5329AE2085006E4CA5 /* ContentView.swift in Sources */ = {isa = PBXBuildFile; fileRef = FA8FCE5229AE2085006E4CA5 /* ContentView.swift */; };
		FA8FCE5529AE2090006E4CA5 /* Assets.xcassets in Resources */ = {isa = PBXBuildFile; fileRef = FA8FCE5429AE2090006E4CA5 /* Assets.xcassets */; };
		FA8FCE5829AE2090006E4CA5 /* Preview Assets.xcassets in Resources */ = {isa = PBXBuildFile; fileRef = FA8FCE5729AE2090006E4CA5 /* Preview Assets.xcassets */; };
		FA8FCE6229AE2090006E4CA5 /* TodoTests.swift in Sources */ = {isa = PBXBuildFile; fileRef = FA8FCE6129AE2090006E4CA5 /* TodoTests.swift */; };
		FA8FCE6C29AE2090006E4CA5 /* TodoUITests.swift in Sources */ = {isa = PBXBuildFile; fileRef = FA8FCE6B29AE2090006E4CA5 /* TodoUITests.swift */; };
		FA8FCE6E29AE2090006E4CA5 /* TodoUITestsLaunchTests.swift in Sources */ = {isa = PBXBuildFile; fileRef = FA8FCE6D29AE2090006E4CA5 /* TodoUITestsLaunchTests.swift */; };
		FA8FCE8429AE20F9006E4CA5 /* package.json in Resources */ = {isa = PBXBuildFile; fileRef = FA8FCE7A29AE20E2006E4CA5 /* package.json */; };
		FA8FCE8529AE20F9006E4CA5 /* src in Resources */ = {isa = PBXBuildFile; fileRef = FA8FCE7B29AE20E4006E4CA5 /* src */; };
		FA8FCE8629AE20F9006E4CA5 /* amplify-build-config.json in Resources */ = {isa = PBXBuildFile; fileRef = FA8FCE7C29AE20E6006E4CA5 /* amplify-build-config.json */; };
		FA8FCE8729AE20F9006E4CA5 /* assets in Resources */ = {isa = PBXBuildFile; fileRef = FA8FCE7D29AE20E8006E4CA5 /* assets */; };
		FA8FCE8829AE20F9006E4CA5 /* node_modules in Resources */ = {isa = PBXBuildFile; fileRef = FA8FCE7E29AE20EA006E4CA5 /* node_modules */; };
		FA8FCE8929AE20F9006E4CA5 /* app.json in Resources */ = {isa = PBXBuildFile; fileRef = FA8FCE7F29AE20EB006E4CA5 /* app.json */; };
		FA8FCE8A29AE20F9006E4CA5 /* amplify in Resources */ = {isa = PBXBuildFile; fileRef = FA8FCE8029AE20F0006E4CA5 /* amplify */; };
		FA8FCE8B29AE20F9006E4CA5 /* package-lock.json in Resources */ = {isa = PBXBuildFile; fileRef = FA8FCE8129AE20F2006E4CA5 /* package-lock.json */; };
		FA8FCE8C29AE20F9006E4CA5 /* App.js in Resources */ = {isa = PBXBuildFile; fileRef = FA8FCE8229AE20F4006E4CA5 /* App.js */; };
		FA8FCE8D29AE20F9006E4CA5 /* babel.config.js in Resources */ = {isa = PBXBuildFile; fileRef = FA8FCE8329AE20F7006E4CA5 /* babel.config.js */; };
		FA8FCE8F29AFD039006E4CA5 /* index.js in Resources */ = {isa = PBXBuildFile; fileRef = FA8FCE8E29AFD037006E4CA5 /* index.js */; };
/* End PBXBuildFile section */

/* Begin PBXContainerItemProxy section */
		FA8FCE5E29AE2090006E4CA5 /* PBXContainerItemProxy */ = {
			isa = PBXContainerItemProxy;
			containerPortal = FA8FCE4529AE2085006E4CA5 /* Project object */;
			proxyType = 1;
			remoteGlobalIDString = FA8FCE4C29AE2085006E4CA5;
			remoteInfo = Todo;
		};
		FA8FCE6829AE2090006E4CA5 /* PBXContainerItemProxy */ = {
			isa = PBXContainerItemProxy;
			containerPortal = FA8FCE4529AE2085006E4CA5 /* Project object */;
			proxyType = 1;
			remoteGlobalIDString = FA8FCE4C29AE2085006E4CA5;
			remoteInfo = Todo;
		};
/* End PBXContainerItemProxy section */

/* Begin PBXFileReference section */
		FA8FCE4D29AE2085006E4CA5 /* Todo.app */ = {isa = PBXFileReference; explicitFileType = wrapper.application; includeInIndex = 0; path = Todo.app; sourceTree = BUILT_PRODUCTS_DIR; };
		FA8FCE5029AE2085006E4CA5 /* TodoApp.swift */ = {isa = PBXFileReference; lastKnownFileType = sourcecode.swift; path = TodoApp.swift; sourceTree = "<group>"; };
		FA8FCE5229AE2085006E4CA5 /* ContentView.swift */ = {isa = PBXFileReference; lastKnownFileType = sourcecode.swift; path = ContentView.swift; sourceTree = "<group>"; };
		FA8FCE5429AE2090006E4CA5 /* Assets.xcassets */ = {isa = PBXFileReference; lastKnownFileType = folder.assetcatalog; path = Assets.xcassets; sourceTree = "<group>"; };
		FA8FCE5729AE2090006E4CA5 /* Preview Assets.xcassets */ = {isa = PBXFileReference; lastKnownFileType = folder.assetcatalog; path = "Preview Assets.xcassets"; sourceTree = "<group>"; };
		FA8FCE5D29AE2090006E4CA5 /* TodoTests.xctest */ = {isa = PBXFileReference; explicitFileType = wrapper.cfbundle; includeInIndex = 0; path = TodoTests.xctest; sourceTree = BUILT_PRODUCTS_DIR; };
		FA8FCE6129AE2090006E4CA5 /* TodoTests.swift */ = {isa = PBXFileReference; lastKnownFileType = sourcecode.swift; path = TodoTests.swift; sourceTree = "<group>"; };
		FA8FCE6729AE2090006E4CA5 /* TodoUITests.xctest */ = {isa = PBXFileReference; explicitFileType = wrapper.cfbundle; includeInIndex = 0; path = TodoUITests.xctest; sourceTree = BUILT_PRODUCTS_DIR; };
		FA8FCE6B29AE2090006E4CA5 /* TodoUITests.swift */ = {isa = PBXFileReference; lastKnownFileType = sourcecode.swift; path = TodoUITests.swift; sourceTree = "<group>"; };
		FA8FCE6D29AE2090006E4CA5 /* TodoUITestsLaunchTests.swift */ = {isa = PBXFileReference; lastKnownFileType = sourcecode.swift; path = TodoUITestsLaunchTests.swift; sourceTree = "<group>"; };
		FA8FCE7A29AE20E2006E4CA5 /* package.json */ = {isa = PBXFileReference; fileEncoding = 4; lastKnownFileType = text.json; name = package.json; path = ../package.json; sourceTree = "<group>"; };
		FA8FCE7B29AE20E4006E4CA5 /* src */ = {isa = PBXFileReference; lastKnownFileType = folder; name = src; path = ../src; sourceTree = "<group>"; };
		FA8FCE7C29AE20E6006E4CA5 /* amplify-build-config.json */ = {isa = PBXFileReference; fileEncoding = 4; lastKnownFileType = text.json; name = "amplify-build-config.json"; path = "../amplify-build-config.json"; sourceTree = "<group>"; };
		FA8FCE7D29AE20E8006E4CA5 /* assets */ = {isa = PBXFileReference; lastKnownFileType = folder; name = assets; path = ../assets; sourceTree = "<group>"; };
		FA8FCE7E29AE20EA006E4CA5 /* node_modules */ = {isa = PBXFileReference; lastKnownFileType = folder; name = node_modules; path = ../node_modules; sourceTree = "<group>"; };
		FA8FCE7F29AE20EB006E4CA5 /* app.json */ = {isa = PBXFileReference; fileEncoding = 4; lastKnownFileType = text.json; name = app.json; path = ../app.json; sourceTree = "<group>"; };
		FA8FCE8029AE20F0006E4CA5 /* amplify */ = {isa = PBXFileReference; lastKnownFileType = folder; name = amplify; path = ../amplify; sourceTree = "<group>"; };
		FA8FCE8129AE20F2006E4CA5 /* package-lock.json */ = {isa = PBXFileReference; fileEncoding = 4; lastKnownFileType = text.json; name = "package-lock.json"; path = "../package-lock.json"; sourceTree = "<group>"; };
		FA8FCE8229AE20F4006E4CA5 /* App.js */ = {isa = PBXFileReference; fileEncoding = 4; lastKnownFileType = sourcecode.javascript; name = App.js; path = ../App.js; sourceTree = "<group>"; };
		FA8FCE8329AE20F7006E4CA5 /* babel.config.js */ = {isa = PBXFileReference; fileEncoding = 4; lastKnownFileType = sourcecode.javascript; name = babel.config.js; path = ../babel.config.js; sourceTree = "<group>"; };
		FA8FCE8E29AFD037006E4CA5 /* index.js */ = {isa = PBXFileReference; fileEncoding = 4; lastKnownFileType = sourcecode.javascript; name = index.js; path = ../index.js; sourceTree = "<group>"; };
/* End PBXFileReference section */

/* Begin PBXFrameworksBuildPhase section */
		FA8FCE4A29AE2085006E4CA5 /* Frameworks */ = {
			isa = PBXFrameworksBuildPhase;
			buildActionMask = 2147483647;
			files = (
			);
			runOnlyForDeploymentPostprocessing = 0;
		};
		FA8FCE5A29AE2090006E4CA5 /* Frameworks */ = {
			isa = PBXFrameworksBuildPhase;
			buildActionMask = 2147483647;
			files = (
			);
			runOnlyForDeploymentPostprocessing = 0;
		};
		FA8FCE6429AE2090006E4CA5 /* Frameworks */ = {
			isa = PBXFrameworksBuildPhase;
			buildActionMask = 2147483647;
			files = (
			);
			runOnlyForDeploymentPostprocessing = 0;
		};
/* End PBXFrameworksBuildPhase section */

/* Begin PBXGroup section */
		FA8FCE4429AE2085006E4CA5 = {
			isa = PBXGroup;
			children = (
				FA8FCE8E29AFD037006E4CA5 /* index.js */,
				FA8FCE8029AE20F0006E4CA5 /* amplify */,
				FA8FCE7C29AE20E6006E4CA5 /* amplify-build-config.json */,
				FA8FCE8229AE20F4006E4CA5 /* App.js */,
				FA8FCE7F29AE20EB006E4CA5 /* app.json */,
				FA8FCE7D29AE20E8006E4CA5 /* assets */,
				FA8FCE8329AE20F7006E4CA5 /* babel.config.js */,
				FA8FCE7E29AE20EA006E4CA5 /* node_modules */,
				FA8FCE8129AE20F2006E4CA5 /* package-lock.json */,
				FA8FCE7A29AE20E2006E4CA5 /* package.json */,
				FA8FCE7B29AE20E4006E4CA5 /* src */,
				FA8FCE4F29AE2085006E4CA5 /* Todo */,
				FA8FCE6029AE2090006E4CA5 /* TodoTests */,
				FA8FCE6A29AE2090006E4CA5 /* TodoUITests */,
				FA8FCE4E29AE2085006E4CA5 /* Products */,
			);
			sourceTree = "<group>";
		};
		FA8FCE4E29AE2085006E4CA5 /* Products */ = {
			isa = PBXGroup;
			children = (
				FA8FCE4D29AE2085006E4CA5 /* Todo.app */,
				FA8FCE5D29AE2090006E4CA5 /* TodoTests.xctest */,
				FA8FCE6729AE2090006E4CA5 /* TodoUITests.xctest */,
			);
			name = Products;
			sourceTree = "<group>";
		};
		FA8FCE4F29AE2085006E4CA5 /* Todo */ = {
			isa = PBXGroup;
			children = (
				FA8FCE5029AE2085006E4CA5 /* TodoApp.swift */,
				FA8FCE5229AE2085006E4CA5 /* ContentView.swift */,
				FA8FCE5429AE2090006E4CA5 /* Assets.xcassets */,
				FA8FCE5629AE2090006E4CA5 /* Preview Content */,
			);
			path = Todo;
			sourceTree = "<group>";
		};
		FA8FCE5629AE2090006E4CA5 /* Preview Content */ = {
			isa = PBXGroup;
			children = (
				FA8FCE5729AE2090006E4CA5 /* Preview Assets.xcassets */,
			);
			path = "Preview Content";
			sourceTree = "<group>";
		};
		FA8FCE6029AE2090006E4CA5 /* TodoTests */ = {
			isa = PBXGroup;
			children = (
				FA8FCE6129AE2090006E4CA5 /* TodoTests.swift */,
			);
			path = TodoTests;
			sourceTree = "<group>";
		};
		FA8FCE6A29AE2090006E4CA5 /* TodoUITests */ = {
			isa = PBXGroup;
			children = (
				FA8FCE6B29AE2090006E4CA5 /* TodoUITests.swift */,
				FA8FCE6D29AE2090006E4CA5 /* TodoUITestsLaunchTests.swift */,
			);
			path = TodoUITests;
			sourceTree = "<group>";
		};
/* End PBXGroup section */

/* Begin PBXNativeTarget section */
		FA8FCE4C29AE2085006E4CA5 /* Todo */ = {
			isa = PBXNativeTarget;
			buildConfigurationList = FA8FCE7129AE2090006E4CA5 /* Build configuration list for PBXNativeTarget "Todo" */;
			buildPhases = (
				FA8FCE4929AE2085006E4CA5 /* Sources */,
				FA8FCE4A29AE2085006E4CA5 /* Frameworks */,
				FA8FCE4B29AE2085006E4CA5 /* Resources */,
			);
			buildRules = (
			);
			dependencies = (
			);
			name = Todo;
			productName = Todo;
			productReference = FA8FCE4D29AE2085006E4CA5 /* Todo.app */;
			productType = "com.apple.product-type.application";
		};
		FA8FCE5C29AE2090006E4CA5 /* TodoTests */ = {
			isa = PBXNativeTarget;
			buildConfigurationList = FA8FCE7429AE2090006E4CA5 /* Build configuration list for PBXNativeTarget "TodoTests" */;
			buildPhases = (
				FA8FCE5929AE2090006E4CA5 /* Sources */,
				FA8FCE5A29AE2090006E4CA5 /* Frameworks */,
				FA8FCE5B29AE2090006E4CA5 /* Resources */,
			);
			buildRules = (
			);
			dependencies = (
				FA8FCE5F29AE2090006E4CA5 /* PBXTargetDependency */,
			);
			name = TodoTests;
			productName = TodoTests;
			productReference = FA8FCE5D29AE2090006E4CA5 /* TodoTests.xctest */;
			productType = "com.apple.product-type.bundle.unit-test";
		};
		FA8FCE6629AE2090006E4CA5 /* TodoUITests */ = {
			isa = PBXNativeTarget;
			buildConfigurationList = FA8FCE7729AE2090006E4CA5 /* Build configuration list for PBXNativeTarget "TodoUITests" */;
			buildPhases = (
				FA8FCE6329AE2090006E4CA5 /* Sources */,
				FA8FCE6429AE2090006E4CA5 /* Frameworks */,
				FA8FCE6529AE2090006E4CA5 /* Resources */,
			);
			buildRules = (
			);
			dependencies = (
				FA8FCE6929AE2090006E4CA5 /* PBXTargetDependency */,
			);
			name = TodoUITests;
			productName = TodoUITests;
			productReference = FA8FCE6729AE2090006E4CA5 /* TodoUITests.xctest */;
			productType = "com.apple.product-type.bundle.ui-testing";
		};
/* End PBXNativeTarget section */

/* Begin PBXProject section */
		FA8FCE4529AE2085006E4CA5 /* Project object */ = {
			isa = PBXProject;
			attributes = {
				BuildIndependentTargetsInParallel = 1;
				LastSwiftUpdateCheck = 1420;
				LastUpgradeCheck = 1420;
				TargetAttributes = {
					FA8FCE4C29AE2085006E4CA5 = {
						CreatedOnToolsVersion = 14.2;
					};
					FA8FCE5C29AE2090006E4CA5 = {
						CreatedOnToolsVersion = 14.2;
						TestTargetID = FA8FCE4C29AE2085006E4CA5;
					};
					FA8FCE6629AE2090006E4CA5 = {
						CreatedOnToolsVersion = 14.2;
						TestTargetID = FA8FCE4C29AE2085006E4CA5;
					};
				};
			};
			buildConfigurationList = FA8FCE4829AE2085006E4CA5 /* Build configuration list for PBXProject "Todo" */;
			compatibilityVersion = "Xcode 14.0";
			developmentRegion = en;
			hasScannedForEncodings = 0;
			knownRegions = (
				en,
				Base,
			);
			mainGroup = FA8FCE4429AE2085006E4CA5;
			productRefGroup = FA8FCE4E29AE2085006E4CA5 /* Products */;
			projectDirPath = "";
			projectRoot = "";
			targets = (
				FA8FCE4C29AE2085006E4CA5 /* Todo */,
				FA8FCE5C29AE2090006E4CA5 /* TodoTests */,
				FA8FCE6629AE2090006E4CA5 /* TodoUITests */,
			);
		};
/* End PBXProject section */

/* Begin PBXResourcesBuildPhase section */
		FA8FCE4B29AE2085006E4CA5 /* Resources */ = {
			isa = PBXResourcesBuildPhase;
			buildActionMask = 2147483647;
			files = (
				FA8FCE5829AE2090006E4CA5 /* Preview Assets.xcassets in Resources */,
				FA8FCE8929AE20F9006E4CA5 /* app.json in Resources */,
				FA8FCE5529AE2090006E4CA5 /* Assets.xcassets in Resources */,
				FA8FCE8429AE20F9006E4CA5 /* package.json in Resources */,
				FA8FCE8829AE20F9006E4CA5 /* node_modules in Resources */,
				FA8FCE8729AE20F9006E4CA5 /* assets in Resources */,
				FA8FCE8A29AE20F9006E4CA5 /* amplify in Resources */,
				FA8FCE8B29AE20F9006E4CA5 /* package-lock.json in Resources */,
				FA8FCE8D29AE20F9006E4CA5 /* babel.config.js in Resources */,
				FA8FCE8C29AE20F9006E4CA5 /* App.js in Resources */,
				FA8FCE8629AE20F9006E4CA5 /* amplify-build-config.json in Resources */,
				FA8FCE8529AE20F9006E4CA5 /* src in Resources */,
				FA8FCE8F29AFD039006E4CA5 /* index.js in Resources */,
			);
			runOnlyForDeploymentPostprocessing = 0;
		};
		FA8FCE5B29AE2090006E4CA5 /* Resources */ = {
			isa = PBXResourcesBuildPhase;
			buildActionMask = 2147483647;
			files = (
			);
			runOnlyForDeploymentPostprocessing = 0;
		};
		FA8FCE6529AE2090006E4CA5 /* Resources */ = {
			isa = PBXResourcesBuildPhase;
			buildActionMask = 2147483647;
			files = (
			);
			runOnlyForDeploymentPostprocessing = 0;
		};
/* End PBXResourcesBuildPhase section */

/* Begin PBXSourcesBuildPhase section */
		FA8FCE4929AE2085006E4CA5 /* Sources */ = {
			isa = PBXSourcesBuildPhase;
			buildActionMask = 2147483647;
			files = (
				FA8FCE5329AE2085006E4CA5 /* ContentView.swift in Sources */,
				FA8FCE5129AE2085006E4CA5 /* TodoApp.swift in Sources */,
			);
			runOnlyForDeploymentPostprocessing = 0;
		};
		FA8FCE5929AE2090006E4CA5 /* Sources */ = {
			isa = PBXSourcesBuildPhase;
			buildActionMask = 2147483647;
			files = (
				FA8FCE6229AE2090006E4CA5 /* TodoTests.swift in Sources */,
			);
			runOnlyForDeploymentPostprocessing = 0;
		};
		FA8FCE6329AE2090006E4CA5 /* Sources */ = {
			isa = PBXSourcesBuildPhase;
			buildActionMask = 2147483647;
			files = (
				FA8FCE6E29AE2090006E4CA5 /* TodoUITestsLaunchTests.swift in Sources */,
				FA8FCE6C29AE2090006E4CA5 /* TodoUITests.swift in Sources */,
			);
			runOnlyForDeploymentPostprocessing = 0;
		};
/* End PBXSourcesBuildPhase section */

/* Begin PBXTargetDependency section */
		FA8FCE5F29AE2090006E4CA5 /* PBXTargetDependency */ = {
			isa = PBXTargetDependency;
			target = FA8FCE4C29AE2085006E4CA5 /* Todo */;
			targetProxy = FA8FCE5E29AE2090006E4CA5 /* PBXContainerItemProxy */;
		};
		FA8FCE6929AE2090006E4CA5 /* PBXTargetDependency */ = {
			isa = PBXTargetDependency;
			target = FA8FCE4C29AE2085006E4CA5 /* Todo */;
			targetProxy = FA8FCE6829AE2090006E4CA5 /* PBXContainerItemProxy */;
		};
/* End PBXTargetDependency section */

/* Begin XCBuildConfiguration section */
		FA8FCE6F29AE2090006E4CA5 /* Debug */ = {
			isa = XCBuildConfiguration;
			buildSettings = {
				ALWAYS_SEARCH_USER_PATHS = NO;
				CLANG_ANALYZER_NONNULL = YES;
				CLANG_ANALYZER_NUMBER_OBJECT_CONVERSION = YES_AGGRESSIVE;
				CLANG_CXX_LANGUAGE_STANDARD = "gnu++20";
				CLANG_ENABLE_MODULES = YES;
				CLANG_ENABLE_OBJC_ARC = YES;
				CLANG_ENABLE_OBJC_WEAK = YES;
				CLANG_WARN_BLOCK_CAPTURE_AUTORELEASING = YES;
				CLANG_WARN_BOOL_CONVERSION = YES;
				CLANG_WARN_COMMA = YES;
				CLANG_WARN_CONSTANT_CONVERSION = YES;
				CLANG_WARN_DEPRECATED_OBJC_IMPLEMENTATIONS = YES;
				CLANG_WARN_DIRECT_OBJC_ISA_USAGE = YES_ERROR;
				CLANG_WARN_DOCUMENTATION_COMMENTS = YES;
				CLANG_WARN_EMPTY_BODY = YES;
				CLANG_WARN_ENUM_CONVERSION = YES;
				CLANG_WARN_INFINITE_RECURSION = YES;
				CLANG_WARN_INT_CONVERSION = YES;
				CLANG_WARN_NON_LITERAL_NULL_CONVERSION = YES;
				CLANG_WARN_OBJC_IMPLICIT_RETAIN_SELF = YES;
				CLANG_WARN_OBJC_LITERAL_CONVERSION = YES;
				CLANG_WARN_OBJC_ROOT_CLASS = YES_ERROR;
				CLANG_WARN_QUOTED_INCLUDE_IN_FRAMEWORK_HEADER = YES;
				CLANG_WARN_RANGE_LOOP_ANALYSIS = YES;
				CLANG_WARN_STRICT_PROTOTYPES = YES;
				CLANG_WARN_SUSPICIOUS_MOVE = YES;
				CLANG_WARN_UNGUARDED_AVAILABILITY = YES_AGGRESSIVE;
				CLANG_WARN_UNREACHABLE_CODE = YES;
				CLANG_WARN__DUPLICATE_METHOD_MATCH = YES;
				COPY_PHASE_STRIP = NO;
				DEBUG_INFORMATION_FORMAT = dwarf;
				ENABLE_STRICT_OBJC_MSGSEND = YES;
				ENABLE_TESTABILITY = YES;
				GCC_C_LANGUAGE_STANDARD = gnu11;
				GCC_DYNAMIC_NO_PIC = NO;
				GCC_NO_COMMON_BLOCKS = YES;
				GCC_OPTIMIZATION_LEVEL = 0;
				GCC_PREPROCESSOR_DEFINITIONS = (
					"DEBUG=1",
					"$(inherited)",
				);
				GCC_WARN_64_TO_32_BIT_CONVERSION = YES;
				GCC_WARN_ABOUT_RETURN_TYPE = YES_ERROR;
				GCC_WARN_UNDECLARED_SELECTOR = YES;
				GCC_WARN_UNINITIALIZED_AUTOS = YES_AGGRESSIVE;
				GCC_WARN_UNUSED_FUNCTION = YES;
				GCC_WARN_UNUSED_VARIABLE = YES;
				IPHONEOS_DEPLOYMENT_TARGET = 16.2;
				MTL_ENABLE_DEBUG_INFO = INCLUDE_SOURCE;
				MTL_FAST_MATH = YES;
				ONLY_ACTIVE_ARCH = YES;
				SDKROOT = iphoneos;
				SWIFT_ACTIVE_COMPILATION_CONDITIONS = DEBUG;
				SWIFT_OPTIMIZATION_LEVEL = "-Onone";
			};
			name = Debug;
		};
		FA8FCE7029AE2090006E4CA5 /* Release */ = {
			isa = XCBuildConfiguration;
			buildSettings = {
				ALWAYS_SEARCH_USER_PATHS = NO;
				CLANG_ANALYZER_NONNULL = YES;
				CLANG_ANALYZER_NUMBER_OBJECT_CONVERSION = YES_AGGRESSIVE;
				CLANG_CXX_LANGUAGE_STANDARD = "gnu++20";
				CLANG_ENABLE_MODULES = YES;
				CLANG_ENABLE_OBJC_ARC = YES;
				CLANG_ENABLE_OBJC_WEAK = YES;
				CLANG_WARN_BLOCK_CAPTURE_AUTORELEASING = YES;
				CLANG_WARN_BOOL_CONVERSION = YES;
				CLANG_WARN_COMMA = YES;
				CLANG_WARN_CONSTANT_CONVERSION = YES;
				CLANG_WARN_DEPRECATED_OBJC_IMPLEMENTATIONS = YES;
				CLANG_WARN_DIRECT_OBJC_ISA_USAGE = YES_ERROR;
				CLANG_WARN_DOCUMENTATION_COMMENTS = YES;
				CLANG_WARN_EMPTY_BODY = YES;
				CLANG_WARN_ENUM_CONVERSION = YES;
				CLANG_WARN_INFINITE_RECURSION = YES;
				CLANG_WARN_INT_CONVERSION = YES;
				CLANG_WARN_NON_LITERAL_NULL_CONVERSION = YES;
				CLANG_WARN_OBJC_IMPLICIT_RETAIN_SELF = YES;
				CLANG_WARN_OBJC_LITERAL_CONVERSION = YES;
				CLANG_WARN_OBJC_ROOT_CLASS = YES_ERROR;
				CLANG_WARN_QUOTED_INCLUDE_IN_FRAMEWORK_HEADER = YES;
				CLANG_WARN_RANGE_LOOP_ANALYSIS = YES;
				CLANG_WARN_STRICT_PROTOTYPES = YES;
				CLANG_WARN_SUSPICIOUS_MOVE = YES;
				CLANG_WARN_UNGUARDED_AVAILABILITY = YES_AGGRESSIVE;
				CLANG_WARN_UNREACHABLE_CODE = YES;
				CLANG_WARN__DUPLICATE_METHOD_MATCH = YES;
				COPY_PHASE_STRIP = NO;
				DEBUG_INFORMATION_FORMAT = "dwarf-with-dsym";
				ENABLE_NS_ASSERTIONS = NO;
				ENABLE_STRICT_OBJC_MSGSEND = YES;
				GCC_C_LANGUAGE_STANDARD = gnu11;
				GCC_NO_COMMON_BLOCKS = YES;
				GCC_WARN_64_TO_32_BIT_CONVERSION = YES;
				GCC_WARN_ABOUT_RETURN_TYPE = YES_ERROR;
				GCC_WARN_UNDECLARED_SELECTOR = YES;
				GCC_WARN_UNINITIALIZED_AUTOS = YES_AGGRESSIVE;
				GCC_WARN_UNUSED_FUNCTION = YES;
				GCC_WARN_UNUSED_VARIABLE = YES;
				IPHONEOS_DEPLOYMENT_TARGET = 16.2;
				MTL_ENABLE_DEBUG_INFO = NO;
				MTL_FAST_MATH = YES;
				SDKROOT = iphoneos;
				SWIFT_COMPILATION_MODE = wholemodule;
				SWIFT_OPTIMIZATION_LEVEL = "-O";
				VALIDATE_PRODUCT = YES;
			};
			name = Release;
		};
		FA8FCE7229AE2090006E4CA5 /* Debug */ = {
			isa = XCBuildConfiguration;
			buildSettings = {
				ASSETCATALOG_COMPILER_APPICON_NAME = AppIcon;
				ASSETCATALOG_COMPILER_GLOBAL_ACCENT_COLOR_NAME = AccentColor;
				CODE_SIGN_STYLE = Automatic;
				CURRENT_PROJECT_VERSION = 1;
				DEVELOPMENT_ASSET_PATHS = "\"Todo/Preview Content\"";
				ENABLE_PREVIEWS = YES;
				GENERATE_INFOPLIST_FILE = YES;
				INFOPLIST_KEY_UIApplicationSceneManifest_Generation = YES;
				INFOPLIST_KEY_UIApplicationSupportsIndirectInputEvents = YES;
				INFOPLIST_KEY_UILaunchScreen_Generation = YES;
				INFOPLIST_KEY_UISupportedInterfaceOrientations_iPad = "UIInterfaceOrientationPortrait UIInterfaceOrientationPortraitUpsideDown UIInterfaceOrientationLandscapeLeft UIInterfaceOrientationLandscapeRight";
				INFOPLIST_KEY_UISupportedInterfaceOrientations_iPhone = "UIInterfaceOrientationPortrait UIInterfaceOrientationLandscapeLeft UIInterfaceOrientationLandscapeRight";
				LD_RUNPATH_SEARCH_PATHS = (
					"$(inherited)",
					"@executable_path/Frameworks",
				);
				MARKETING_VERSION = 1.0;
				PRODUCT_BUNDLE_IDENTIFIER = Louis.Todo;
				PRODUCT_NAME = "$(TARGET_NAME)";
				SWIFT_EMIT_LOC_STRINGS = YES;
				SWIFT_VERSION = 5.0;
				TARGETED_DEVICE_FAMILY = "1,2";
			};
			name = Debug;
		};
		FA8FCE7329AE2090006E4CA5 /* Release */ = {
			isa = XCBuildConfiguration;
			buildSettings = {
				ASSETCATALOG_COMPILER_APPICON_NAME = AppIcon;
				ASSETCATALOG_COMPILER_GLOBAL_ACCENT_COLOR_NAME = AccentColor;
				CODE_SIGN_STYLE = Automatic;
				CURRENT_PROJECT_VERSION = 1;
				DEVELOPMENT_ASSET_PATHS = "\"Todo/Preview Content\"";
				ENABLE_PREVIEWS = YES;
				GENERATE_INFOPLIST_FILE = YES;
				INFOPLIST_KEY_UIApplicationSceneManifest_Generation = YES;
				INFOPLIST_KEY_UIApplicationSupportsIndirectInputEvents = YES;
				INFOPLIST_KEY_UILaunchScreen_Generation = YES;
				INFOPLIST_KEY_UISupportedInterfaceOrientations_iPad = "UIInterfaceOrientationPortrait UIInterfaceOrientationPortraitUpsideDown UIInterfaceOrientationLandscapeLeft UIInterfaceOrientationLandscapeRight";
				INFOPLIST_KEY_UISupportedInterfaceOrientations_iPhone = "UIInterfaceOrientationPortrait UIInterfaceOrientationLandscapeLeft UIInterfaceOrientationLandscapeRight";
				LD_RUNPATH_SEARCH_PATHS = (
					"$(inherited)",
					"@executable_path/Frameworks",
				);
				MARKETING_VERSION = 1.0;
				PRODUCT_BUNDLE_IDENTIFIER = Louis.Todo;
				PRODUCT_NAME = "$(TARGET_NAME)";
				SWIFT_EMIT_LOC_STRINGS = YES;
				SWIFT_VERSION = 5.0;
				TARGETED_DEVICE_FAMILY = "1,2";
			};
			name = Release;
		};
		FA8FCE7529AE2090006E4CA5 /* Debug */ = {
			isa = XCBuildConfiguration;
			buildSettings = {
				ALWAYS_EMBED_SWIFT_STANDARD_LIBRARIES = YES;
				BUNDLE_LOADER = "$(TEST_HOST)";
				CODE_SIGN_STYLE = Automatic;
				CURRENT_PROJECT_VERSION = 1;
				GENERATE_INFOPLIST_FILE = YES;
				IPHONEOS_DEPLOYMENT_TARGET = 16.2;
				MARKETING_VERSION = 1.0;
				PRODUCT_BUNDLE_IDENTIFIER = Louis.TodoTests;
				PRODUCT_NAME = "$(TARGET_NAME)";
				SWIFT_EMIT_LOC_STRINGS = NO;
				SWIFT_VERSION = 5.0;
				TARGETED_DEVICE_FAMILY = "1,2";
				TEST_HOST = "$(BUILT_PRODUCTS_DIR)/Todo.app/$(BUNDLE_EXECUTABLE_FOLDER_PATH)/Todo";
			};
			name = Debug;
		};
		FA8FCE7629AE2090006E4CA5 /* Release */ = {
			isa = XCBuildConfiguration;
			buildSettings = {
				ALWAYS_EMBED_SWIFT_STANDARD_LIBRARIES = YES;
				BUNDLE_LOADER = "$(TEST_HOST)";
				CODE_SIGN_STYLE = Automatic;
				CURRENT_PROJECT_VERSION = 1;
				GENERATE_INFOPLIST_FILE = YES;
				IPHONEOS_DEPLOYMENT_TARGET = 16.2;
				MARKETING_VERSION = 1.0;
				PRODUCT_BUNDLE_IDENTIFIER = Louis.TodoTests;
				PRODUCT_NAME = "$(TARGET_NAME)";
				SWIFT_EMIT_LOC_STRINGS = NO;
				SWIFT_VERSION = 5.0;
				TARGETED_DEVICE_FAMILY = "1,2";
				TEST_HOST = "$(BUILT_PRODUCTS_DIR)/Todo.app/$(BUNDLE_EXECUTABLE_FOLDER_PATH)/Todo";
			};
			name = Release;
		};
		FA8FCE7829AE2090006E4CA5 /* Debug */ = {
			isa = XCBuildConfiguration;
			buildSettings = {
				ALWAYS_EMBED_SWIFT_STANDARD_LIBRARIES = YES;
				CODE_SIGN_STYLE = Automatic;
				CURRENT_PROJECT_VERSION = 1;
				GENERATE_INFOPLIST_FILE = YES;
				MARKETING_VERSION = 1.0;
				PRODUCT_BUNDLE_IDENTIFIER = Louis.TodoUITests;
				PRODUCT_NAME = "$(TARGET_NAME)";
				SWIFT_EMIT_LOC_STRINGS = NO;
				SWIFT_VERSION = 5.0;
				TARGETED_DEVICE_FAMILY = "1,2";
				TEST_TARGET_NAME = Todo;
			};
			name = Debug;
		};
		FA8FCE7929AE2090006E4CA5 /* Release */ = {
			isa = XCBuildConfiguration;
			buildSettings = {
				ALWAYS_EMBED_SWIFT_STANDARD_LIBRARIES = YES;
				CODE_SIGN_STYLE = Automatic;
				CURRENT_PROJECT_VERSION = 1;
				GENERATE_INFOPLIST_FILE = YES;
				MARKETING_VERSION = 1.0;
				PRODUCT_BUNDLE_IDENTIFIER = Louis.TodoUITests;
				PRODUCT_NAME = "$(TARGET_NAME)";
				SWIFT_EMIT_LOC_STRINGS = NO;
				SWIFT_VERSION = 5.0;
				TARGETED_DEVICE_FAMILY = "1,2";
				TEST_TARGET_NAME = Todo;
			};
			name = Release;
		};
/* End XCBuildConfiguration section */

/* Begin XCConfigurationList section */
		FA8FCE4829AE2085006E4CA5 /* Build configuration list for PBXProject "Todo" */ = {
			isa = XCConfigurationList;
			buildConfigurations = (
				FA8FCE6F29AE2090006E4CA5 /* Debug */,
				FA8FCE7029AE2090006E4CA5 /* Release */,
			);
			defaultConfigurationIsVisible = 0;
			defaultConfigurationName = Release;
		};
		FA8FCE7129AE2090006E4CA5 /* Build configuration list for PBXNativeTarget "Todo" */ = {
			isa = XCConfigurationList;
			buildConfigurations = (
				FA8FCE7229AE2090006E4CA5 /* Debug */,
				FA8FCE7329AE2090006E4CA5 /* Release */,
			);
			defaultConfigurationIsVisible = 0;
			defaultConfigurationName = Release;
		};
		FA8FCE7429AE2090006E4CA5 /* Build configuration list for PBXNativeTarget "TodoTests" */ = {
			isa = XCConfigurationList;
			buildConfigurations = (
				FA8FCE7529AE2090006E4CA5 /* Debug */,
				FA8FCE7629AE2090006E4CA5 /* Release */,
			);
			defaultConfigurationIsVisible = 0;
			defaultConfigurationName = Release;
		};
		FA8FCE7729AE2090006E4CA5 /* Build configuration list for PBXNativeTarget "TodoUITests" */ = {
			isa = XCConfigurationList;
			buildConfigurations = (
				FA8FCE7829AE2090006E4CA5 /* Debug */,
				FA8FCE7929AE2090006E4CA5 /* Release */,
			);
			defaultConfigurationIsVisible = 0;
			defaultConfigurationName = Release;
		};
/* End XCConfigurationList section */
	};
	rootObject = FA8FCE4529AE2085006E4CA5 /* Project object */;
}
